
Microsoft Visual Studio Solution File, Format Version 12.00
# Visual Studio Version 16
VisualStudioVersion = 16.0.30804.86
MinimumVisualStudioVersion = 10.0.40219.1
Project("{FAE04EC0-301F-11D3-BF4B-00C04F79EFBC}") = "BootJect", "BootJect\BootJect.csproj", "{FB908512-5294-4F09-92BA-55BE30288CC6}"
EndProject
Project("{840C416C-B8F3-42BC-B0DD-F6BB14C9F8CB}") = "BootjectSetup", "BootjectSetup\BootjectSetup.aiproj", "{95D2DA75-300B-4A4E-99EC-D7025C146072}"
EndProject
Global
	GlobalSection(SolutionConfigurationPlatforms) = preSolution
		All|Any CPU = All|Any CPU
		All|x64 = All|x64
		All|x86 = All|x86
		Debug|Any CPU = Debug|Any CPU
		Debug|x64 = Debug|x64
		Debug|x86 = Debug|x86
		Release|Any CPU = Release|Any CPU
		Release|x64 = Release|x64
		Release|x86 = Release|x86
	EndGlobalSection
	GlobalSection(ProjectConfigurationPlatforms) = postSolution
		{FB908512-5294-4F09-92BA-55BE30288CC6}.All|Any CPU.ActiveCfg = Release|Any CPU
		{FB908512-5294-4F09-92BA-55BE30288CC6}.All|Any CPU.Build.0 = Release|Any CPU
		{FB908512-5294-4F09-92BA-55BE30288CC6}.All|x64.ActiveCfg = Release|x64
		{FB908512-5294-4F09-92BA-55BE30288CC6}.All|x64.Build.0 = Release|x64
		{FB908512-5294-4F09-92BA-55BE30288CC6}.All|x86.ActiveCfg = Release|x86
		{FB908512-5294-4F09-92BA-55BE30288CC6}.All|x86.Build.0 = Release|x86
		{FB908512-5294-4F09-92BA-55BE30288CC6}.Debug|Any CPU.ActiveCfg = Debug|Any CPU
		{FB908512-5294-4F09-92BA-55BE30288CC6}.Debug|Any CPU.Build.0 = Debug|Any CPU
		{FB908512-5294-4F09-92BA-55BE30288CC6}.Debug|x64.ActiveCfg = Debug|x64
		{FB908512-5294-4F09-92BA-55BE30288CC6}.Debug|x64.Build.0 = Debug|x64
		{FB908512-5294-4F09-92BA-55BE30288CC6}.Debug|x86.ActiveCfg = Debug|x86
		{FB908512-5294-4F09-92BA-55BE30288CC6}.Debug|x86.Build.0 = Debug|x86
		{FB908512-5294-4F09-92BA-55BE30288CC6}.Release|Any CPU.ActiveCfg = Release|Any CPU
		{FB908512-5294-4F09-92BA-55BE30288CC6}.Release|Any CPU.Build.0 = Release|Any CPU
		{FB908512-5294-4F09-92BA-55BE30288CC6}.Release|x64.ActiveCfg = Release|x64
		{FB908512-5294-4F09-92BA-55BE30288CC6}.Release|x64.Build.0 = Release|x64
		{FB908512-5294-4F09-92BA-55BE30288CC6}.Release|x86.ActiveCfg = Release|x86
		{FB908512-5294-4F09-92BA-55BE30288CC6}.Release|x86.Build.0 = Release|x86
		{95D2DA75-300B-4A4E-99EC-D7025C146072}.All|Any CPU.ActiveCfg = DefaultBuild
		{95D2DA75-300B-4A4E-99EC-D7025C146072}.All|x64.ActiveCfg = DefaultBuild
		{95D2DA75-300B-4A4E-99EC-D7025C146072}.All|x86.ActiveCfg = DefaultBuild
		{95D2DA75-300B-4A4E-99EC-D7025C146072}.Debug|Any CPU.ActiveCfg = DefaultBuild
		{95D2DA75-300B-4A4E-99EC-D7025C146072}.Debug|x64.ActiveCfg = DefaultBuild
		{95D2DA75-300B-4A4E-99EC-D7025C146072}.Debug|x86.ActiveCfg = DefaultBuild
		{95D2DA75-300B-4A4E-99EC-D7025C146072}.Release|Any CPU.ActiveCfg = DefaultBuild
		{95D2DA75-300B-4A4E-99EC-D7025C146072}.Release|x64.ActiveCfg = DefaultBuild
		{95D2DA75-300B-4A4E-99EC-D7025C146072}.Release|x86.ActiveCfg = DefaultBuild
	EndGlobalSection
	GlobalSection(SolutionProperties) = preSolution
		HideSolutionNode = FALSE
	EndGlobalSection
	GlobalSection(ExtensibilityGlobals) = postSolution
		SolutionGuid = {7A68BC2A-6F55-485B-BAD9-0C685E828B61}
	EndGlobalSection
EndGlobal
